# generated by rye
# use `rye lock` or `rye sync` to update this lockfile
#
# last locked with the following flags:
#   pre: false
#   features: []
#   all-features: false

-e file:.
anyio==4.0.0
certifi==2023.11.17
cssselect==1.2.0
h11==0.14.0
httpcore==1.0.2
httpx==0.25.1
idna==3.4
jmespath==1.0.1
loguru==0.7.2
lxml==4.9.3
packaging==23.2
parsel==1.8.1
selectolax==0.3.17
sniffio==1.3.0
w3lib==2.1.2
